
Microsoft Visual Studio Solution File, Format Version 12.00
# Visual Studio Version 17
VisualStudioVersion = 17.8.34525.116
MinimumVisualStudioVersion = 10.0.40219.1
Project("{FAE04EC0-301F-11D3-BF4B-00C04F79EFBC}") = "Odev1_2_AkifKerimGunsal", "Odev1_2_AkifKerimGunsal\Odev1_2_AkifKerimGunsal.csproj", "{0446A8B6-2E82-48D1-85A7-2FC8BD1BCFD3}"
EndProject
Global
	GlobalSection(SolutionConfigurationPlatforms) = preSolution
		Debug|Any CPU = Debug|Any CPU
		Release|Any CPU = Release|Any CPU
	EndGlobalSection
	GlobalSection(ProjectConfigurationPlatforms) = postSolution
		{0446A8B6-2E82-48D1-85A7-2FC8BD1BCFD3}.Debug|Any CPU.ActiveCfg = Debug|Any CPU
		{0446A8B6-2E82-48D1-85A7-2FC8BD1BCFD3}.Debug|Any CPU.Build.0 = Debug|Any CPU
		{0446A8B6-2E82-48D1-85A7-2FC8BD1BCFD3}.Release|Any CPU.ActiveCfg = Release|Any CPU
		{0446A8B6-2E82-48D1-85A7-2FC8BD1BCFD3}.Release|Any CPU.Build.0 = Release|Any CPU
	EndGlobalSection
	GlobalSection(SolutionProperties) = preSolution
		HideSolutionNode = FALSE
	EndGlobalSection
	GlobalSection(ExtensibilityGlobals) = postSolution
		SolutionGuid = {10C07371-02C4-4774-B76F-1F0A4A1F7946}
	EndGlobalSection
EndGlobal
