
Microsoft Visual Studio Solution File, Format Version 12.00
# Visual Studio Version 17
VisualStudioVersion = 17.8.34525.116
MinimumVisualStudioVersion = 10.0.40219.1
Project("{FAE04EC0-301F-11D3-BF4B-00C04F79EFBC}") = "Polymorphism_Ornek1", "Polymorphism_Ornek1\Polymorphism_Ornek1.csproj", "{27EC1AED-F4CE-4EAC-9ACE-88C2D7DCC2FE}"
EndProject
Global
	GlobalSection(SolutionConfigurationPlatforms) = preSolution
		Debug|Any CPU = Debug|Any CPU
		Release|Any CPU = Release|Any CPU
	EndGlobalSection
	GlobalSection(ProjectConfigurationPlatforms) = postSolution
		{27EC1AED-F4CE-4EAC-9ACE-88C2D7DCC2FE}.Debug|Any CPU.ActiveCfg = Debug|Any CPU
		{27EC1AED-F4CE-4EAC-9ACE-88C2D7DCC2FE}.Debug|Any CPU.Build.0 = Debug|Any CPU
		{27EC1AED-F4CE-4EAC-9ACE-88C2D7DCC2FE}.Release|Any CPU.ActiveCfg = Release|Any CPU
		{27EC1AED-F4CE-4EAC-9ACE-88C2D7DCC2FE}.Release|Any CPU.Build.0 = Release|Any CPU
	EndGlobalSection
	GlobalSection(SolutionProperties) = preSolution
		HideSolutionNode = FALSE
	EndGlobalSection
	GlobalSection(ExtensibilityGlobals) = postSolution
		SolutionGuid = {9C5A15AD-F568-43EC-8EDB-A59E390A1E6A}
	EndGlobalSection
EndGlobal
