
Microsoft Visual Studio Solution File, Format Version 12.00
# Visual Studio Version 17
VisualStudioVersion = 17.8.34525.116
MinimumVisualStudioVersion = 10.0.40219.1
Project("{FAE04EC0-301F-11D3-BF4B-00C04F79EFBC}") = "Odev1_7_AkifKerimGunsal", "Odev1_7_AkifKerimGunsal\Odev1_7_AkifKerimGunsal.csproj", "{ED929AD4-7F0C-425A-9913-D34E8ABDF446}"
EndProject
Global
	GlobalSection(SolutionConfigurationPlatforms) = preSolution
		Debug|Any CPU = Debug|Any CPU
		Release|Any CPU = Release|Any CPU
	EndGlobalSection
	GlobalSection(ProjectConfigurationPlatforms) = postSolution
		{ED929AD4-7F0C-425A-9913-D34E8ABDF446}.Debug|Any CPU.ActiveCfg = Debug|Any CPU
		{ED929AD4-7F0C-425A-9913-D34E8ABDF446}.Debug|Any CPU.Build.0 = Debug|Any CPU
		{ED929AD4-7F0C-425A-9913-D34E8ABDF446}.Release|Any CPU.ActiveCfg = Release|Any CPU
		{ED929AD4-7F0C-425A-9913-D34E8ABDF446}.Release|Any CPU.Build.0 = Release|Any CPU
	EndGlobalSection
	GlobalSection(SolutionProperties) = preSolution
		HideSolutionNode = FALSE
	EndGlobalSection
	GlobalSection(ExtensibilityGlobals) = postSolution
		SolutionGuid = {83E2D163-7BD6-4D5D-AA77-657E64A8AA00}
	EndGlobalSection
EndGlobal
