
Microsoft Visual Studio Solution File, Format Version 12.00
# Visual Studio Version 17
VisualStudioVersion = 17.8.34525.116
MinimumVisualStudioVersion = 10.0.40219.1
Project("{FAE04EC0-301F-11D3-BF4B-00C04F79EFBC}") = "Odev1_4_AkifKerimGunsal", "Odev1_4_AkifKerimGunsal\Odev1_4_AkifKerimGunsal.csproj", "{92F40245-560D-47C1-914A-ABAA6C32CA57}"
EndProject
Global
	GlobalSection(SolutionConfigurationPlatforms) = preSolution
		Debug|Any CPU = Debug|Any CPU
		Release|Any CPU = Release|Any CPU
	EndGlobalSection
	GlobalSection(ProjectConfigurationPlatforms) = postSolution
		{92F40245-560D-47C1-914A-ABAA6C32CA57}.Debug|Any CPU.ActiveCfg = Debug|Any CPU
		{92F40245-560D-47C1-914A-ABAA6C32CA57}.Debug|Any CPU.Build.0 = Debug|Any CPU
		{92F40245-560D-47C1-914A-ABAA6C32CA57}.Release|Any CPU.ActiveCfg = Release|Any CPU
		{92F40245-560D-47C1-914A-ABAA6C32CA57}.Release|Any CPU.Build.0 = Release|Any CPU
	EndGlobalSection
	GlobalSection(SolutionProperties) = preSolution
		HideSolutionNode = FALSE
	EndGlobalSection
	GlobalSection(ExtensibilityGlobals) = postSolution
		SolutionGuid = {0DC2B7EB-B159-4A6C-AE24-B362E98D5B11}
	EndGlobalSection
EndGlobal
