
Microsoft Visual Studio Solution File, Format Version 12.00
# Visual Studio Version 17
VisualStudioVersion = 17.8.34525.116
MinimumVisualStudioVersion = 10.0.40219.1
Project("{FAE04EC0-301F-11D3-BF4B-00C04F79EFBC}") = "Inheritance_Ornek2", "Inheritance_Ornek2\Inheritance_Ornek2.csproj", "{EE052FCD-B054-43D2-877F-8EBAA728D07D}"
EndProject
Global
	GlobalSection(SolutionConfigurationPlatforms) = preSolution
		Debug|Any CPU = Debug|Any CPU
		Release|Any CPU = Release|Any CPU
	EndGlobalSection
	GlobalSection(ProjectConfigurationPlatforms) = postSolution
		{EE052FCD-B054-43D2-877F-8EBAA728D07D}.Debug|Any CPU.ActiveCfg = Debug|Any CPU
		{EE052FCD-B054-43D2-877F-8EBAA728D07D}.Debug|Any CPU.Build.0 = Debug|Any CPU
		{EE052FCD-B054-43D2-877F-8EBAA728D07D}.Release|Any CPU.ActiveCfg = Release|Any CPU
		{EE052FCD-B054-43D2-877F-8EBAA728D07D}.Release|Any CPU.Build.0 = Release|Any CPU
	EndGlobalSection
	GlobalSection(SolutionProperties) = preSolution
		HideSolutionNode = FALSE
	EndGlobalSection
	GlobalSection(ExtensibilityGlobals) = postSolution
		SolutionGuid = {72DB8F4A-BC1E-478F-A329-FF7DEC0969E9}
	EndGlobalSection
EndGlobal
